// !$*UTF8*$!
{
	archiveVersion = 1;
	classes = {
	};
	objectVersion = 50;
	objects = {

/* Begin PBXBuildFile section */
		A4CFC355217C88DD00CF8863 /* AppDelegate.swift in Sources */ = {isa = PBXBuildFile; fileRef = A4CFC354217C88DD00CF8863 /* AppDelegate.swift */; };
		A4CFC357217C88DD00CF8863 /* ViewController.swift in Sources */ = {isa = PBXBuildFile; fileRef = A4CFC356217C88DD00CF8863 /* ViewController.swift */; };
		A4CFC35A217C88DD00CF8863 /* Main.storyboard in Resources */ = {isa = PBXBuildFile; fileRef = A4CFC358217C88DD00CF8863 /* Main.storyboard */; };
		A4CFC35C217C88E000CF8863 /* Assets.xcassets in Resources */ = {isa = PBXBuildFile; fileRef = A4CFC35B217C88E000CF8863 /* Assets.xcassets */; };
		A4CFC35F217C88E000CF8863 /* LaunchScreen.storyboard in Resources */ = {isa = PBXBuildFile; fileRef = A4CFC35D217C88E000CF8863 /* LaunchScreen.storyboard */; };
		A4CFC36D217C99BC00CF8863 /* ClassWrittenInSwift.mm in Sources */ = {isa = PBXBuildFile; fileRef = A4CFC36C217C99BC00CF8863 /* ClassWrittenInSwift.mm */; };
		A4CFC371217C9D7900CF8863 /* CheckIfSwiftClass.mm in Sources */ = {isa = PBXBuildFile; fileRef = A4CFC370217C9D7900CF8863 /* CheckIfSwiftClass.mm */; };
/* End PBXBuildFile section */

/* Begin PBXFileReference section */
		A4CFC351217C88DD00CF8863 /* ClassWrittenInSwift.app */ = {isa = PBXFileReference; explicitFileType = wrapper.application; includeInIndex = 0; path = ClassWrittenInSwift.app; sourceTree = BUILT_PRODUCTS_DIR; };
		A4CFC354217C88DD00CF8863 /* AppDelegate.swift */ = {isa = PBXFileReference; lastKnownFileType = sourcecode.swift; path = AppDelegate.swift; sourceTree = "<group>"; };
		A4CFC356217C88DD00CF8863 /* ViewController.swift */ = {isa = PBXFileReference; lastKnownFileType = sourcecode.swift; path = ViewController.swift; sourceTree = "<group>"; };
		A4CFC359217C88DD00CF8863 /* Base */ = {isa = PBXFileReference; lastKnownFileType = file.storyboard; name = Base; path = Base.lproj/Main.storyboard; sourceTree = "<group>"; };
		A4CFC35B217C88E000CF8863 /* Assets.xcassets */ = {isa = PBXFileReference; lastKnownFileType = folder.assetcatalog; path = Assets.xcassets; sourceTree = "<group>"; };
		A4CFC35E217C88E000CF8863 /* Base */ = {isa = PBXFileReference; lastKnownFileType = file.storyboard; name = Base; path = Base.lproj/LaunchScreen.storyboard; sourceTree = "<group>"; };
		A4CFC360217C88E000CF8863 /* Info.plist */ = {isa = PBXFileReference; lastKnownFileType = text.plist.xml; path = Info.plist; sourceTree = "<group>"; };
		A4CFC36B217C99BC00CF8863 /* ClassWrittenInSwift.h */ = {isa = PBXFileReference; lastKnownFileType = sourcecode.c.h; path = ClassWrittenInSwift.h; sourceTree = "<group>"; };
		A4CFC36C217C99BC00CF8863 /* ClassWrittenInSwift.mm */ = {isa = PBXFileReference; lastKnownFileType = sourcecode.cpp.objcpp; path = ClassWrittenInSwift.mm; sourceTree = "<group>"; };
		A4CFC36E217C9B5D00CF8863 /* ClassWrittenInSwift-Bridging-Header.h */ = {isa = PBXFileReference; lastKnownFileType = sourcecode.c.h; path = "ClassWrittenInSwift-Bridging-Header.h"; sourceTree = "<group>"; };
		A4CFC36F217C9D7900CF8863 /* CheckIfSwiftClass.h */ = {isa = PBXFileReference; lastKnownFileType = sourcecode.c.h; path = CheckIfSwiftClass.h; sourceTree = "<group>"; };
		A4CFC370217C9D7900CF8863 /* CheckIfSwiftClass.mm */ = {isa = PBXFileReference; lastKnownFileType = sourcecode.cpp.objcpp; path = CheckIfSwiftClass.mm; sourceTree = "<group>"; };
/* End PBXFileReference section */

/* Begin PBXFrameworksBuildPhase section */
		A4CFC34E217C88DD00CF8863 /* Frameworks */ = {
			isa = PBXFrameworksBuildPhase;
			buildActionMask = 2147483647;
			files = (
			);
			runOnlyForDeploymentPostprocessing = 0;
		};
/* End PBXFrameworksBuildPhase section */

/* Begin PBXGroup section */
		A4CFC348217C88DD00CF8863 = {
			isa = PBXGroup;
			children = (
				A4CFC353217C88DD00CF8863 /* ClassWrittenInSwift */,
				A4CFC352217C88DD00CF8863 /* Products */,
			);
			sourceTree = "<group>";
		};
		A4CFC352217C88DD00CF8863 /* Products */ = {
			isa = PBXGroup;
			children = (
				A4CFC351217C88DD00CF8863 /* ClassWrittenInSwift.app */,
			);
			name = Products;
			sourceTree = "<group>";
		};
		A4CFC353217C88DD00CF8863 /* ClassWrittenInSwift */ = {
			isa = PBXGroup;
			children = (
				A4CFC366217C95A000CF8863 /* Source */,
				A4CFC354217C88DD00CF8863 /* AppDelegate.swift */,
				A4CFC356217C88DD00CF8863 /* ViewController.swift */,
				A4CFC36F217C9D7900CF8863 /* CheckIfSwiftClass.h */,
				A4CFC370217C9D7900CF8863 /* CheckIfSwiftClass.mm */,
				A4CFC358217C88DD00CF8863 /* Main.storyboard */,
				A4CFC35B217C88E000CF8863 /* Assets.xcassets */,
				A4CFC36E217C9B5D00CF8863 /* ClassWrittenInSwift-Bridging-Header.h */,
				A4CFC35D217C88E000CF8863 /* LaunchScreen.storyboard */,
				A4CFC360217C88E000CF8863 /* Info.plist */,
			);
			path = ClassWrittenInSwift;
			sourceTree = "<group>";
		};
		A4CFC366217C95A000CF8863 /* Source */ = {
			isa = PBXGroup;
			children = (
				A4CFC36B217C99BC00CF8863 /* ClassWrittenInSwift.h */,
				A4CFC36C217C99BC00CF8863 /* ClassWrittenInSwift.mm */,
			);
			name = Source;
			path = ../Source;
			sourceTree = "<group>";
		};
/* End PBXGroup section */

/* Begin PBXNativeTarget section */
		A4CFC350217C88DD00CF8863 /* ClassWrittenInSwift */ = {
			isa = PBXNativeTarget;
			buildConfigurationList = A4CFC363217C88E000CF8863 /* Build configuration list for PBXNativeTarget "ClassWrittenInSwift" */;
			buildPhases = (
				A4CFC34D217C88DD00CF8863 /* Sources */,
				A4CFC34E217C88DD00CF8863 /* Frameworks */,
				A4CFC34F217C88DD00CF8863 /* Resources */,
			);
			buildRules = (
			);
			dependencies = (
			);
			name = ClassWrittenInSwift;
			productName = ClassWrittenInSwift;
			productReference = A4CFC351217C88DD00CF8863 /* ClassWrittenInSwift.app */;
			productType = "com.apple.product-type.application";
		};
/* End PBXNativeTarget section */

/* Begin PBXProject section */
		A4CFC349217C88DD00CF8863 /* Project object */ = {
			isa = PBXProject;
			attributes = {
				LastSwiftUpdateCheck = 1010;
				LastUpgradeCheck = 1010;
				ORGANIZATIONNAME = "杨萧玉";
				TargetAttributes = {
					A4CFC350217C88DD00CF8863 = {
						CreatedOnToolsVersion = 10.1;
						LastSwiftMigration = 1010;
					};
				};
			};
			buildConfigurationList = A4CFC34C217C88DD00CF8863 /* Build configuration list for PBXProject "ClassWrittenInSwift" */;
			compatibilityVersion = "Xcode 9.3";
			developmentRegion = en;
			hasScannedForEncodings = 0;
			knownRegions = (
				en,
				Base,
			);
			mainGroup = A4CFC348217C88DD00CF8863;
			productRefGroup = A4CFC352217C88DD00CF8863 /* Products */;
			projectDirPath = "";
			projectRoot = "";
			targets = (
				A4CFC350217C88DD00CF8863 /* ClassWrittenInSwift */,
			);
		};
/* End PBXProject section */

/* Begin PBXResourcesBuildPhase section */
		A4CFC34F217C88DD00CF8863 /* Resources */ = {
			isa = PBXResourcesBuildPhase;
			buildActionMask = 2147483647;
			files = (
				A4CFC35F217C88E000CF8863 /* LaunchScreen.storyboard in Resources */,
				A4CFC35C217C88E000CF8863 /* Assets.xcassets in Resources */,
				A4CFC35A217C88DD00CF8863 /* Main.storyboard in Resources */,
			);
			runOnlyForDeploymentPostprocessing = 0;
		};
/* End PBXResourcesBuildPhase section */

/* Begin PBXSourcesBuildPhase section */
		A4CFC34D217C88DD00CF8863 /* Sources */ = {
			isa = PBXSourcesBuildPhase;
			buildActionMask = 2147483647;
			files = (
				A4CFC357217C88DD00CF8863 /* ViewController.swift in Sources */,
				A4CFC355217C88DD00CF8863 /* AppDelegate.swift in Sources */,
				A4CFC371217C9D7900CF8863 /* CheckIfSwiftClass.mm in Sources */,
				A4CFC36D217C99BC00CF8863 /* ClassWrittenInSwift.mm in Sources */,
			);
			runOnlyForDeploymentPostprocessing = 0;
		};
/* End PBXSourcesBuildPhase section */

/* Begin PBXVariantGroup section */
		A4CFC358217C88DD00CF8863 /* Main.storyboard */ = {
			isa = PBXVariantGroup;
			children = (
				A4CFC359217C88DD00CF8863 /* Base */,
			);
			name = Main.storyboard;
			sourceTree = "<group>";
		};
		A4CFC35D217C88E000CF8863 /* LaunchScreen.storyboard */ = {
			isa = PBXVariantGroup;
			children = (
				A4CFC35E217C88E000CF8863 /* Base */,
			);
			name = LaunchScreen.storyboard;
			sourceTree = "<group>";
		};
/* End PBXVariantGroup section */

/* Begin XCBuildConfiguration section */
		A4CFC361217C88E000CF8863 /* Debug */ = {
			isa = XCBuildConfiguration;
			buildSettings = {
				ALWAYS_SEARCH_USER_PATHS = NO;
				CLANG_ANALYZER_NONNULL = YES;
				CLANG_ANALYZER_NUMBER_OBJECT_CONVERSION = YES_AGGRESSIVE;
				CLANG_CXX_LANGUAGE_STANDARD = "gnu++14";
				CLANG_CXX_LIBRARY = "libc++";
				CLANG_ENABLE_MODULES = YES;
				CLANG_ENABLE_OBJC_ARC = YES;
				CLANG_ENABLE_OBJC_WEAK = YES;
				CLANG_WARN_BLOCK_CAPTURE_AUTORELEASING = YES;
				CLANG_WARN_BOOL_CONVERSION = YES;
				CLANG_WARN_COMMA = YES;
				CLANG_WARN_CONSTANT_CONVERSION = YES;
				CLANG_WARN_DEPRECATED_OBJC_IMPLEMENTATIONS = YES;
				CLANG_WARN_DIRECT_OBJC_ISA_USAGE = YES_ERROR;
				CLANG_WARN_DOCUMENTATION_COMMENTS = YES;
				CLANG_WARN_EMPTY_BODY = YES;
				CLANG_WARN_ENUM_CONVERSION = YES;
				CLANG_WARN_INFINITE_RECURSION = YES;
				CLANG_WARN_INT_CONVERSION = YES;
				CLANG_WARN_NON_LITERAL_NULL_CONVERSION = YES;
				CLANG_WARN_OBJC_IMPLICIT_RETAIN_SELF = YES;
				CLANG_WARN_OBJC_LITERAL_CONVERSION = YES;
				CLANG_WARN_OBJC_ROOT_CLASS = YES_ERROR;
				CLANG_WARN_RANGE_LOOP_ANALYSIS = YES;
				CLANG_WARN_STRICT_PROTOTYPES = YES;
				CLANG_WARN_SUSPICIOUS_MOVE = YES;
				CLANG_WARN_UNGUARDED_AVAILABILITY = YES_AGGRESSIVE;
				CLANG_WARN_UNREACHABLE_CODE = YES;
				CLANG_WARN__DUPLICATE_METHOD_MATCH = YES;
				CODE_SIGN_IDENTITY = "iPhone Developer";
				COPY_PHASE_STRIP = NO;
				DEBUG_INFORMATION_FORMAT = dwarf;
				ENABLE_STRICT_OBJC_MSGSEND = YES;
				ENABLE_TESTABILITY = YES;
				GCC_C_LANGUAGE_STANDARD = gnu11;
				GCC_DYNAMIC_NO_PIC = NO;
				GCC_NO_COMMON_BLOCKS = YES;
				GCC_OPTIMIZATION_LEVEL = 0;
				GCC_PREPROCESSOR_DEFINITIONS = (
					"DEBUG=1",
					"$(inherited)",
				);
				GCC_WARN_64_TO_32_BIT_CONVERSION = YES;
				GCC_WARN_ABOUT_RETURN_TYPE = YES_ERROR;
				GCC_WARN_UNDECLARED_SELECTOR = YES;
				GCC_WARN_UNINITIALIZED_AUTOS = YES_AGGRESSIVE;
				GCC_WARN_UNUSED_FUNCTION = YES;
				GCC_WARN_UNUSED_VARIABLE = YES;
				IPHONEOS_DEPLOYMENT_TARGET = 12.1;
				MTL_ENABLE_DEBUG_INFO = INCLUDE_SOURCE;
				MTL_FAST_MATH = YES;
				ONLY_ACTIVE_ARCH = YES;
				SDKROOT = iphoneos;
				SWIFT_ACTIVE_COMPILATION_CONDITIONS = DEBUG;
				SWIFT_OPTIMIZATION_LEVEL = "-Onone";
			};
			name = Debug;
		};
		A4CFC362217C88E000CF8863 /* Release */ = {
			isa = XCBuildConfiguration;
			buildSettings = {
				ALWAYS_SEARCH_USER_PATHS = NO;
				CLANG_ANALYZER_NONNULL = YES;
				CLANG_ANALYZER_NUMBER_OBJECT_CONVERSION = YES_AGGRESSIVE;
				CLANG_CXX_LANGUAGE_STANDARD = "gnu++14";
				CLANG_CXX_LIBRARY = "libc++";
				CLANG_ENABLE_MODULES = YES;
				CLANG_ENABLE_OBJC_ARC = YES;
				CLANG_ENABLE_OBJC_WEAK = YES;
				CLANG_WARN_BLOCK_CAPTURE_AUTORELEASING = YES;
				CLANG_WARN_BOOL_CONVERSION = YES;
				CLANG_WARN_COMMA = YES;
				CLANG_WARN_CONSTANT_CONVERSION = YES;
				CLANG_WARN_DEPRECATED_OBJC_IMPLEMENTATIONS = YES;
				CLANG_WARN_DIRECT_OBJC_ISA_USAGE = YES_ERROR;
				CLANG_WARN_DOCUMENTATION_COMMENTS = YES;
				CLANG_WARN_EMPTY_BODY = YES;
				CLANG_WARN_ENUM_CONVERSION = YES;
				CLANG_WARN_INFINITE_RECURSION = YES;
				CLANG_WARN_INT_CONVERSION = YES;
				CLANG_WARN_NON_LITERAL_NULL_CONVERSION = YES;
				CLANG_WARN_OBJC_IMPLICIT_RETAIN_SELF = YES;
				CLANG_WARN_OBJC_LITERAL_CONVERSION = YES;
				CLANG_WARN_OBJC_ROOT_CLASS = YES_ERROR;
				CLANG_WARN_RANGE_LOOP_ANALYSIS = YES;
				CLANG_WARN_STRICT_PROTOTYPES = YES;
				CLANG_WARN_SUSPICIOUS_MOVE = YES;
				CLANG_WARN_UNGUARDED_AVAILABILITY = YES_AGGRESSIVE;
				CLANG_WARN_UNREACHABLE_CODE = YES;
				CLANG_WARN__DUPLICATE_METHOD_MATCH = YES;
				CODE_SIGN_IDENTITY = "iPhone Developer";
				COPY_PHASE_STRIP = NO;
				DEBUG_INFORMATION_FORMAT = "dwarf-with-dsym";
				ENABLE_NS_ASSERTIONS = NO;
				ENABLE_STRICT_OBJC_MSGSEND = YES;
				GCC_C_LANGUAGE_STANDARD = gnu11;
				GCC_NO_COMMON_BLOCKS = YES;
				GCC_WARN_64_TO_32_BIT_CONVERSION = YES;
				GCC_WARN_ABOUT_RETURN_TYPE = YES_ERROR;
				GCC_WARN_UNDECLARED_SELECTOR = YES;
				GCC_WARN_UNINITIALIZED_AUTOS = YES_AGGRESSIVE;
				GCC_WARN_UNUSED_FUNCTION = YES;
				GCC_WARN_UNUSED_VARIABLE = YES;
				IPHONEOS_DEPLOYMENT_TARGET = 12.1;
				MTL_ENABLE_DEBUG_INFO = NO;
				MTL_FAST_MATH = YES;
				SDKROOT = iphoneos;
				SWIFT_COMPILATION_MODE = wholemodule;
				SWIFT_OPTIMIZATION_LEVEL = "-O";
				VALIDATE_PRODUCT = YES;
			};
			name = Release;
		};
		A4CFC364217C88E000CF8863 /* Debug */ = {
			isa = XCBuildConfiguration;
			buildSettings = {
				ASSETCATALOG_COMPILER_APPICON_NAME = AppIcon;
				CLANG_ENABLE_MODULES = YES;
				CODE_SIGN_STYLE = Automatic;
				DEVELOPMENT_TEAM = D3RCVUP6VH;
				INFOPLIST_FILE = ClassWrittenInSwift/Info.plist;
				LD_RUNPATH_SEARCH_PATHS = (
					"$(inherited)",
					"@executable_path/Frameworks",
				);
				PRODUCT_BUNDLE_IDENTIFIER = com.yulingtianxia.ClassWrittenInSwift;
				PRODUCT_NAME = "$(TARGET_NAME)";
				SWIFT_OBJC_BRIDGING_HEADER = "ClassWrittenInSwift/ClassWrittenInSwift-Bridging-Header.h";
				SWIFT_OPTIMIZATION_LEVEL = "-Onone";
				SWIFT_VERSION = 4.2;
				TARGETED_DEVICE_FAMILY = "1,2";
			};
			name = Debug;
		};
		A4CFC365217C88E000CF8863 /* Release */ = {
			isa = XCBuildConfiguration;
			buildSettings = {
				ASSETCATALOG_COMPILER_APPICON_NAME = AppIcon;
				CLANG_ENABLE_MODULES = YES;
				CODE_SIGN_STYLE = Automatic;
				DEVELOPMENT_TEAM = D3RCVUP6VH;
				INFOPLIST_FILE = ClassWrittenInSwift/Info.plist;
				LD_RUNPATH_SEARCH_PATHS = (
					"$(inherited)",
					"@executable_path/Frameworks",
				);
				PRODUCT_BUNDLE_IDENTIFIER = com.yulingtianxia.ClassWrittenInSwift;
				PRODUCT_NAME = "$(TARGET_NAME)";
				SWIFT_OBJC_BRIDGING_HEADER = "ClassWrittenInSwift/ClassWrittenInSwift-Bridging-Header.h";
				SWIFT_VERSION = 4.2;
				TARGETED_DEVICE_FAMILY = "1,2";
			};
			name = Release;
		};
/* End XCBuildConfiguration section */

/* Begin XCConfigurationList section */
		A4CFC34C217C88DD00CF8863 /* Build configuration list for PBXProject "ClassWrittenInSwift" */ = {
			isa = XCConfigurationList;
			buildConfigurations = (
				A4CFC361217C88E000CF8863 /* Debug */,
				A4CFC362217C88E000CF8863 /* Release */,
			);
			defaultConfigurationIsVisible = 0;
			defaultConfigurationName = Release;
		};
		A4CFC363217C88E000CF8863 /* Build configuration list for PBXNativeTarget "ClassWrittenInSwift" */ = {
			isa = XCConfigurationList;
			buildConfigurations = (
				A4CFC364217C88E000CF8863 /* Debug */,
				A4CFC365217C88E000CF8863 /* Release */,
			);
			defaultConfigurationIsVisible = 0;
			defaultConfigurationName = Release;
		};
/* End XCConfigurationList section */
	};
	rootObject = A4CFC349217C88DD00CF8863 /* Project object */;
}
